
Microsoft Visual Studio Solution File, Format Version 12.00
Project("{FAE04EC0-301F-11D3-BF4B-00C04F79EFBC}") = "InstallScriptGenerator", "InstallScriptGenerator\InstallScriptGenerator.csproj", "{4EB20D73-602D-4723-A8CD-957CCC276E71}"
EndProject
Project("{2150E333-8FDC-42A3-9474-1A3956D46DE8}") = "Solution Items", "Solution Items", "{CEC32134-929A-48F4-906B-EF9C88479B93}"
	ProjectSection(SolutionItems) = preProject
		compose.yaml = compose.yaml
	EndProjectSection
EndProject
Project("{FAE04EC0-301F-11D3-BF4B-00C04F79EFBC}") = "GeneratorTester", "GeneratorTester\GeneratorTester.csproj", "{16941DB7-7D5E-4597-8054-CAED8E3480FE}"
EndProject
Global
	GlobalSection(SolutionConfigurationPlatforms) = preSolution
		Debug|Any CPU = Debug|Any CPU
		Release|Any CPU = Release|Any CPU
	EndGlobalSection
	GlobalSection(ProjectConfigurationPlatforms) = postSolution
		{4EB20D73-602D-4723-A8CD-957CCC276E71}.Debug|Any CPU.ActiveCfg = Debug|Any CPU
		{4EB20D73-602D-4723-A8CD-957CCC276E71}.Debug|Any CPU.Build.0 = Debug|Any CPU
		{4EB20D73-602D-4723-A8CD-957CCC276E71}.Release|Any CPU.ActiveCfg = Release|Any CPU
		{4EB20D73-602D-4723-A8CD-957CCC276E71}.Release|Any CPU.Build.0 = Release|Any CPU
		{16941DB7-7D5E-4597-8054-CAED8E3480FE}.Debug|Any CPU.ActiveCfg = Debug|Any CPU
		{16941DB7-7D5E-4597-8054-CAED8E3480FE}.Debug|Any CPU.Build.0 = Debug|Any CPU
		{16941DB7-7D5E-4597-8054-CAED8E3480FE}.Release|Any CPU.ActiveCfg = Release|Any CPU
		{16941DB7-7D5E-4597-8054-CAED8E3480FE}.Release|Any CPU.Build.0 = Release|Any CPU
	EndGlobalSection
EndGlobal
